<?xml version="1.0" encoding="utf-8"?>
<Project ToolsVersion="4.0" xmlns="http://schemas.microsoft.com/developer/msbuild/2003">
  <ItemGroup>
    <Filter Include="Source Files">
      <UniqueIdentifier>{4FC737F1-C7A5-4376-A066-2A32D752A2FF}</UniqueIdentifier>
      <Extensions>cpp;c;cc;cxx;def;odl;idl;hpj;bat;asm;asmx</Extensions>
    </Filter>
    <Filter Include="Source Files\Scenes">
      <UniqueIdentifier>{c11b84ed-cd26-483f-bf24-fe4d3f7a6835}</UniqueIdentifier>
    </Filter>
    <Filter Include="Source Files\Commands">
      <UniqueIdentifier>{6fd7e562-2b5b-43f6-a547-2d571a690c3d}</UniqueIdentifier>
    </Filter>
    <Filter Include="Source Files\Components">
      <UniqueIdentifier>{1c944b7e-59a4-4bc6-826f-b742fec1e571}</UniqueIdentifier>
    </Filter>
    <Filter Include="Source Files\Helper">
      <UniqueIdentifier>{ef5bf9ed-657b-4b2e-a387-21464dde55e6}</UniqueIdentifier>
    </Filter>
  </ItemGroup>
  <ItemGroup>
    <ClCompile Include="Main.cpp">
      <Filter>Source Files</Filter>
    </ClCompile>
    <ClCompile Include="pch.cpp">
      <Filter>Source Files</Filter>
    </ClCompile>
    <ClCompile Include="CoopLevel.cpp">
      <Filter>Source Files\Scenes</Filter>
    </ClCompile>
    <ClCompile Include="CreditScreen.cpp">
      <Filter>Source Files\Scenes</Filter>
    </ClCompile>
    <ClCompile Include="SingleLevel.cpp">
      <Filter>Source Files\Scenes</Filter>
    </ClCompile>
    <ClCompile Include="OptionsScreen.cpp">
      <Filter>Source Files\Scenes</Filter>
    </ClCompile>
    <ClCompile Include="StartScreen.cpp">
      <Filter>Source Files\Scenes</Filter>
    </ClCompile>
    <ClCompile Include="VersusLevel.cpp">
      <Filter>Source Files\Scenes</Filter>
    </ClCompile>
    <ClCompile Include="DigDugGame.cpp">
      <Filter>Source Files</Filter>
    </ClCompile>
    <ClCompile Include="DigDugLevelComp.cpp">
      <Filter>Source Files\Components</Filter>
    </ClCompile>
    <ClCompile Include="DigDugCharacterComp.cpp">
      <Filter>Source Files\Components</Filter>
    </ClCompile>
    <ClCompile Include="DigDugWeaponComp.cpp">
      <Filter>Source Files\Components</Filter>
    </ClCompile>
    <ClCompile Include="DigDugLivesComp.cpp">
      <Filter>Source Files\Components</Filter>
    </ClCompile>
  </ItemGroup>
  <ItemGroup>
    <ClInclude Include="DigDugGame.h">
      <Filter>Source Files</Filter>
    </ClInclude>
    <ClInclude Include="pch.h">
      <Filter>Source Files</Filter>
    </ClInclude>
    <ClInclude Include="CoopLevel.h">
      <Filter>Source Files\Scenes</Filter>
    </ClInclude>
    <ClInclude Include="CreditScreen.h">
      <Filter>Source Files\Scenes</Filter>
    </ClInclude>
    <ClInclude Include="SingleLevel.h">
      <Filter>Source Files\Scenes</Filter>
    </ClInclude>
    <ClInclude Include="OptionsScreen.h">
      <Filter>Source Files\Scenes</Filter>
    </ClInclude>
    <ClInclude Include="StartScreen.h">
      <Filter>Source Files\Scenes</Filter>
    </ClInclude>
    <ClInclude Include="VersusLevel.h">
      <Filter>Source Files\Scenes</Filter>
    </ClInclude>
    <ClInclude Include="GameCommands.h">
      <Filter>Source Files\Commands</Filter>
    </ClInclude>
    <ClInclude Include="DigDugLevelComp.h">
      <Filter>Source Files\Components</Filter>
    </ClInclude>
    <ClInclude Include="DigDugStructs.h">
      <Filter>Source Files\Helper</Filter>
    </ClInclude>
    <ClInclude Include="DigDugCharacterComp.h">
      <Filter>Source Files\Components</Filter>
    </ClInclude>
    <ClInclude Include="DigDugWeaponComp.h">
      <Filter>Source Files\Components</Filter>
    </ClInclude>
    <ClInclude Include="DigDugLivesComp.h">
      <Filter>Source Files\Components</Filter>
    </ClInclude>
  </ItemGroup>
</Project>