<?xml version="1.0" encoding="utf-8"?>
<Project ToolsVersion="4.0" xmlns="http://schemas.microsoft.com/developer/msbuild/2003">
  <ItemGroup>
    <Filter Include="Source Files">
      <UniqueIdentifier>{4FC737F1-C7A5-4376-A066-2A32D752A2FF}</UniqueIdentifier>
      <Extensions>cpp;c;cc;cxx;def;odl;idl;hpj;bat;asm;asmx</Extensions>
    </Filter>
    <Filter Include="Header Files">
      <UniqueIdentifier>{93995380-89BD-4b04-88EB-625FBE52EBFB}</UniqueIdentifier>
      <Extensions>h;hh;hpp;hxx;hm;inl;inc;xsd</Extensions>
    </Filter>
    <Filter Include="Resource Files">
      <UniqueIdentifier>{67DA6AB6-F800-4c08-8B7A-83BB121AAD01}</UniqueIdentifier>
      <Extensions>rc;ico;cur;bmp;dlg;rc2;rct;bin;rgs;gif;jpg;jpeg;jpe;resx;tiff;tif;png;wav;mfcribbon-ms</Extensions>
    </Filter>
    <Filter Include="Header Files\Base">
      <UniqueIdentifier>{5e25f6a4-ca12-4960-a152-f546e108b0ed}</UniqueIdentifier>
    </Filter>
    <Filter Include="Header Files\Components">
      <UniqueIdentifier>{c1aed6da-6214-48f2-b511-1ce08c5c7505}</UniqueIdentifier>
    </Filter>
    <Filter Include="Header Files\Diagnostic">
      <UniqueIdentifier>{57740fc3-cd01-40f0-a5c4-84f4dff88d13}</UniqueIdentifier>
    </Filter>
    <Filter Include="Header Files\Graphics">
      <UniqueIdentifier>{e2f668b3-cd75-444f-8abb-cd4a28ae9eb5}</UniqueIdentifier>
    </Filter>
    <Filter Include="Header Files\Scenegraph">
      <UniqueIdentifier>{6bda028e-2496-488d-9a8b-859f3368bc3e}</UniqueIdentifier>
    </Filter>
    <Filter Include="Header Files\Sound">
      <UniqueIdentifier>{018fc582-2c38-41fa-8112-29a978415fc9}</UniqueIdentifier>
    </Filter>
    <Filter Include="Header Files\Helper">
      <UniqueIdentifier>{a667de9c-3a03-47a4-8965-7edb3197fd88}</UniqueIdentifier>
    </Filter>
    <Filter Include="Header Files\AI">
      <UniqueIdentifier>{9098534a-0867-459e-8cc6-185efc790275}</UniqueIdentifier>
    </Filter>
  </ItemGroup>
  <ItemGroup>
    <ClInclude Include="targetver.h">
      <Filter>Header Files</Filter>
    </ClInclude>
    <ClInclude Include="InputManager.h">
      <Filter>Header Files\Base</Filter>
    </ClInclude>
    <ClInclude Include="ResourceManager.h">
      <Filter>Header Files\Base</Filter>
    </ClInclude>
    <ClInclude Include="GameTime.h">
      <Filter>Header Files\Base</Filter>
    </ClInclude>
    <ClInclude Include="Singleton.h">
      <Filter>Header Files\Base</Filter>
    </ClInclude>
    <ClInclude Include="ServiceLocator.h">
      <Filter>Header Files\Base</Filter>
    </ClInclude>
    <ClInclude Include="BaseComponent.h">
      <Filter>Header Files\Components</Filter>
    </ClInclude>
    <ClInclude Include="FPSComponent.h">
      <Filter>Header Files\Components</Filter>
    </ClInclude>
    <ClInclude Include="TextRenderComponent.h">
      <Filter>Header Files\Components</Filter>
    </ClInclude>
    <ClInclude Include="TextureRenderComponent.h">
      <Filter>Header Files\Components</Filter>
    </ClInclude>
    <ClInclude Include="TransformComponent.h">
      <Filter>Header Files\Components</Filter>
    </ClInclude>
    <ClInclude Include="Log.h">
      <Filter>Header Files\Diagnostic</Filter>
    </ClInclude>
    <ClInclude Include="Font.h">
      <Filter>Header Files\Graphics</Filter>
    </ClInclude>
    <ClInclude Include="Renderer.h">
      <Filter>Header Files\Graphics</Filter>
    </ClInclude>
    <ClInclude Include="Texture2D.h">
      <Filter>Header Files\Graphics</Filter>
    </ClInclude>
    <ClInclude Include="GameObject.h">
      <Filter>Header Files\Scenegraph</Filter>
    </ClInclude>
    <ClInclude Include="SceneObject.h">
      <Filter>Header Files\Scenegraph</Filter>
    </ClInclude>
    <ClInclude Include="SceneManager.h">
      <Filter>Header Files\Scenegraph</Filter>
    </ClInclude>
    <ClInclude Include="MiniginPCH.h">
      <Filter>Source Files</Filter>
    </ClInclude>
    <ClInclude Include="LevelComponent.h">
      <Filter>Header Files\Components</Filter>
    </ClInclude>
    <ClInclude Include="GameScene.h">
      <Filter>Header Files\Scenegraph</Filter>
    </ClInclude>
    <ClInclude Include="Command.h">
      <Filter>Header Files\Base</Filter>
    </ClInclude>
    <ClInclude Include="CharacterComponent.h">
      <Filter>Header Files\Components</Filter>
    </ClInclude>
    <ClInclude Include="ButtonComponent.h">
      <Filter>Header Files\Components</Filter>
    </ClInclude>
    <ClInclude Include="ButtonManager.h">
      <Filter>Header Files\Base</Filter>
    </ClInclude>
    <ClInclude Include="BinaryReader.h">
      <Filter>Header Files\Base</Filter>
    </ClInclude>
    <ClInclude Include="RockComponent.h">
      <Filter>Header Files\Components</Filter>
    </ClInclude>
    <ClInclude Include="WeaponComponent.h">
      <Filter>Header Files\Components</Filter>
    </ClInclude>
    <ClInclude Include="Minigin.h">
      <Filter>Header Files\Base</Filter>
    </ClInclude>
    <ClInclude Include="SoundEffect.h">
      <Filter>Header Files\Sound</Filter>
    </ClInclude>
    <ClInclude Include="SoundStream.h">
      <Filter>Header Files\Sound</Filter>
    </ClInclude>
    <ClInclude Include="SoundManager.h">
      <Filter>Header Files\Base</Filter>
    </ClInclude>
    <ClInclude Include="Structs.h">
      <Filter>Header Files\Helper</Filter>
    </ClInclude>
    <ClInclude Include="AStarPathFinding.h">
      <Filter>Header Files\AI</Filter>
    </ClInclude>
    <ClInclude Include="Node.h">
      <Filter>Header Files\AI</Filter>
    </ClInclude>
    <ClInclude Include="Connection.h">
      <Filter>Header Files\AI</Filter>
    </ClInclude>
    <ClInclude Include="Heuristic.h">
      <Filter>Header Files\AI</Filter>
    </ClInclude>
    <ClInclude Include="Animator.h">
      <Filter>Header Files\Graphics</Filter>
    </ClInclude>
    <ClInclude Include="Debug.h">
      <Filter>Header Files\Diagnostic</Filter>
    </ClInclude>
  </ItemGroup>
  <ItemGroup>
    <ClCompile Include="MiniginPCH.cpp">
      <Filter>Source Files</Filter>
    </ClCompile>
    <ClCompile Include="InputManager.cpp">
      <Filter>Header Files\Base</Filter>
    </ClCompile>
    <ClCompile Include="ResourceManager.cpp">
      <Filter>Header Files\Base</Filter>
    </ClCompile>
    <ClCompile Include="GameTime.cpp">
      <Filter>Header Files\Base</Filter>
    </ClCompile>
    <ClCompile Include="ServiceLocator.cpp">
      <Filter>Header Files\Base</Filter>
    </ClCompile>
    <ClCompile Include="BaseComponent.cpp">
      <Filter>Header Files\Components</Filter>
    </ClCompile>
    <ClCompile Include="FPSComponent.cpp">
      <Filter>Header Files\Components</Filter>
    </ClCompile>
    <ClCompile Include="TextRenderComponent.cpp">
      <Filter>Header Files\Components</Filter>
    </ClCompile>
    <ClCompile Include="TextureRenderComponent.cpp">
      <Filter>Header Files\Components</Filter>
    </ClCompile>
    <ClCompile Include="TransformComponent.cpp">
      <Filter>Header Files\Components</Filter>
    </ClCompile>
    <ClCompile Include="Log.cpp">
      <Filter>Header Files\Diagnostic</Filter>
    </ClCompile>
    <ClCompile Include="Font.cpp">
      <Filter>Header Files\Graphics</Filter>
    </ClCompile>
    <ClCompile Include="Renderer.cpp">
      <Filter>Header Files\Graphics</Filter>
    </ClCompile>
    <ClCompile Include="Texture2D.cpp">
      <Filter>Header Files\Graphics</Filter>
    </ClCompile>
    <ClCompile Include="GameObject.cpp">
      <Filter>Header Files\Scenegraph</Filter>
    </ClCompile>
    <ClCompile Include="SceneManager.cpp">
      <Filter>Header Files\Scenegraph</Filter>
    </ClCompile>
    <ClCompile Include="LevelComponent.cpp">
      <Filter>Header Files\Components</Filter>
    </ClCompile>
    <ClCompile Include="GameScene.cpp">
      <Filter>Header Files\Scenegraph</Filter>
    </ClCompile>
    <ClCompile Include="CharacterComponent.cpp">
      <Filter>Header Files\Components</Filter>
    </ClCompile>
    <ClCompile Include="ButtonComponent.cpp">
      <Filter>Header Files\Components</Filter>
    </ClCompile>
    <ClCompile Include="ButtonManager.cpp">
      <Filter>Header Files\Base</Filter>
    </ClCompile>
    <ClCompile Include="BinaryReader.cpp">
      <Filter>Header Files\Base</Filter>
    </ClCompile>
    <ClCompile Include="RockComponent.cpp">
      <Filter>Header Files\Components</Filter>
    </ClCompile>
    <ClCompile Include="WeaponComponent.cpp">
      <Filter>Header Files\Components</Filter>
    </ClCompile>
    <ClCompile Include="Minigin.cpp">
      <Filter>Header Files\Base</Filter>
    </ClCompile>
    <ClCompile Include="SoundEffect.cpp">
      <Filter>Header Files\Sound</Filter>
    </ClCompile>
    <ClCompile Include="SoundStream.cpp">
      <Filter>Header Files\Sound</Filter>
    </ClCompile>
    <ClCompile Include="SoundManager.cpp">
      <Filter>Header Files\Base</Filter>
    </ClCompile>
    <ClCompile Include="AStarPathFinding.cpp">
      <Filter>Header Files\AI</Filter>
    </ClCompile>
    <ClCompile Include="Connection.cpp">
      <Filter>Header Files\AI</Filter>
    </ClCompile>
    <ClCompile Include="Node.cpp">
      <Filter>Header Files\AI</Filter>
    </ClCompile>
    <ClCompile Include="Animator.cpp">
      <Filter>Header Files\Graphics</Filter>
    </ClCompile>
    <ClCompile Include="Debug.cpp">
      <Filter>Header Files\Diagnostic</Filter>
    </ClCompile>
  </ItemGroup>
</Project>